
Microsoft Visual Studio Solution File, Format Version 12.00
# Visual Studio 15
VisualStudioVersion = 15.0.28010.2050
MinimumVisualStudioVersion = 10.0.40219.1
Project("{FAE04EC0-301F-11D3-BF4B-00C04F79EFBC}") = "StdMng2018", "StdMng2018\StdMng2018.csproj", "{4A235A5C-79BF-4371-AAA4-D1F4028DE3C4}"
EndProject
Project("{FAE04EC0-301F-11D3-BF4B-00C04F79EFBC}") = "StdMng2018Bll", "StdMng2018Bll\StdMng2018Bll.csproj", "{A5C422BB-D21B-492D-A032-6794E93D7CE7}"
EndProject
Project("{FAE04EC0-301F-11D3-BF4B-00C04F79EFBC}") = "StdMng2018Dal", "StdMng2018Dal\StdMng2018Dal.csproj", "{9899CF4E-9C54-4705-AE46-E7B2078D58C1}"
EndProject
Project("{FAE04EC0-301F-11D3-BF4B-00C04F79EFBC}") = "StdMng2018Models", "StdMng2018Models\StdMng2018Models.csproj", "{31A0CBC1-5D87-4BB6-BD28-E2D606F91A6B}"
EndProject
Global
	GlobalSection(SolutionConfigurationPlatforms) = preSolution
		Debug|Any CPU = Debug|Any CPU
		Release|Any CPU = Release|Any CPU
	EndGlobalSection
	GlobalSection(ProjectConfigurationPlatforms) = postSolution
		{4A235A5C-79BF-4371-AAA4-D1F4028DE3C4}.Debug|Any CPU.ActiveCfg = Debug|Any CPU
		{4A235A5C-79BF-4371-AAA4-D1F4028DE3C4}.Debug|Any CPU.Build.0 = Debug|Any CPU
		{4A235A5C-79BF-4371-AAA4-D1F4028DE3C4}.Release|Any CPU.ActiveCfg = Release|Any CPU
		{4A235A5C-79BF-4371-AAA4-D1F4028DE3C4}.Release|Any CPU.Build.0 = Release|Any CPU
		{A5C422BB-D21B-492D-A032-6794E93D7CE7}.Debug|Any CPU.ActiveCfg = Debug|Any CPU
		{A5C422BB-D21B-492D-A032-6794E93D7CE7}.Debug|Any CPU.Build.0 = Debug|Any CPU
		{A5C422BB-D21B-492D-A032-6794E93D7CE7}.Release|Any CPU.ActiveCfg = Release|Any CPU
		{A5C422BB-D21B-492D-A032-6794E93D7CE7}.Release|Any CPU.Build.0 = Release|Any CPU
		{9899CF4E-9C54-4705-AE46-E7B2078D58C1}.Debug|Any CPU.ActiveCfg = Debug|Any CPU
		{9899CF4E-9C54-4705-AE46-E7B2078D58C1}.Debug|Any CPU.Build.0 = Debug|Any CPU
		{9899CF4E-9C54-4705-AE46-E7B2078D58C1}.Release|Any CPU.ActiveCfg = Release|Any CPU
		{9899CF4E-9C54-4705-AE46-E7B2078D58C1}.Release|Any CPU.Build.0 = Release|Any CPU
		{31A0CBC1-5D87-4BB6-BD28-E2D606F91A6B}.Debug|Any CPU.ActiveCfg = Debug|Any CPU
		{31A0CBC1-5D87-4BB6-BD28-E2D606F91A6B}.Debug|Any CPU.Build.0 = Debug|Any CPU
		{31A0CBC1-5D87-4BB6-BD28-E2D606F91A6B}.Release|Any CPU.ActiveCfg = Release|Any CPU
		{31A0CBC1-5D87-4BB6-BD28-E2D606F91A6B}.Release|Any CPU.Build.0 = Release|Any CPU
	EndGlobalSection
	GlobalSection(SolutionProperties) = preSolution
		HideSolutionNode = FALSE
	EndGlobalSection
	GlobalSection(ExtensibilityGlobals) = postSolution
		SolutionGuid = {91965B58-D65A-44B7-980D-36B3C1B976B2}
	EndGlobalSection
EndGlobal
